
Microsoft Visual Studio Solution File, Format Version 12.00
Project("{FAE04EC0-301F-11D3-BF4B-00C04F79EFBC}") = "MovimentImatge", "MovimentImatge\MovimentImatge.csproj", "{DC3C93C9-8067-463E-BD88-B39F850A9280}"
EndProject
Global
	GlobalSection(SolutionConfigurationPlatforms) = preSolution
		Debug|Any CPU = Debug|Any CPU
		Release|Any CPU = Release|Any CPU
	EndGlobalSection
	GlobalSection(ProjectConfigurationPlatforms) = postSolution
		{DC3C93C9-8067-463E-BD88-B39F850A9280}.Debug|Any CPU.ActiveCfg = Debug|Any CPU
		{DC3C93C9-8067-463E-BD88-B39F850A9280}.Debug|Any CPU.Build.0 = Debug|Any CPU
		{DC3C93C9-8067-463E-BD88-B39F850A9280}.Release|Any CPU.ActiveCfg = Release|Any CPU
		{DC3C93C9-8067-463E-BD88-B39F850A9280}.Release|Any CPU.Build.0 = Release|Any CPU
	EndGlobalSection
EndGlobal
